// !$*UTF8*$!
{
	archiveVersion = 1;
	classes = {
	};
	objectVersion = 77;
	objects = {

/* Begin PBXBuildFile section */
		18772F062CA68ED00048D6AC /* FirebaseAuth in Frameworks */ = {isa = PBXBuildFile; productRef = 18772F052CA68ED00048D6AC /* FirebaseAuth */; };
		18772F082CA68ED00048D6AC /* FirebaseFirestore in Frameworks */ = {isa = PBXBuildFile; productRef = 18772F072CA68ED00048D6AC /* FirebaseFirestore */; };
/* End PBXBuildFile section */

/* Begin PBXContainerItemProxy section */
		18772EDD2CA679080048D6AC /* PBXContainerItemProxy */ = {
			isa = PBXContainerItemProxy;
			containerPortal = 18772EC42CA679060048D6AC /* Project object */;
			proxyType = 1;
			remoteGlobalIDString = 18772ECB2CA679060048D6AC;
			remoteInfo = CodeGenerationApp;
		};
		18772EE72CA679080048D6AC /* PBXContainerItemProxy */ = {
			isa = PBXContainerItemProxy;
			containerPortal = 18772EC42CA679060048D6AC /* Project object */;
			proxyType = 1;
			remoteGlobalIDString = 18772ECB2CA679060048D6AC;
			remoteInfo = CodeGenerationApp;
		};
/* End PBXContainerItemProxy section */

/* Begin PBXFileReference section */
		18772ECC2CA679060048D6AC /* CodeGenerationApp.app */ = {isa = PBXFileReference; explicitFileType = wrapper.application; includeInIndex = 0; path = CodeGenerationApp.app; sourceTree = BUILT_PRODUCTS_DIR; };
		18772EDC2CA679080048D6AC /* CodeGenerationAppTests.xctest */ = {isa = PBXFileReference; explicitFileType = wrapper.cfbundle; includeInIndex = 0; path = CodeGenerationAppTests.xctest; sourceTree = BUILT_PRODUCTS_DIR; };
		18772EE62CA679080048D6AC /* CodeGenerationAppUITests.xctest */ = {isa = PBXFileReference; explicitFileType = wrapper.cfbundle; includeInIndex = 0; path = CodeGenerationAppUITests.xctest; sourceTree = BUILT_PRODUCTS_DIR; };
/* End PBXFileReference section */

/* Begin PBXFileSystemSynchronizedRootGroup section */
		18772ECE2CA679060048D6AC /* CodeGenerationApp */ = {
			isa = PBXFileSystemSynchronizedRootGroup;
			path = CodeGenerationApp;
			sourceTree = "<group>";
		};
		18772EDF2CA679080048D6AC /* CodeGenerationAppTests */ = {
			isa = PBXFileSystemSynchronizedRootGroup;
			path = CodeGenerationAppTests;
			sourceTree = "<group>";
		};
		18772EE92CA679080048D6AC /* CodeGenerationAppUITests */ = {
			isa = PBXFileSystemSynchronizedRootGroup;
			path = CodeGenerationAppUITests;
			sourceTree = "<group>";
		};
/* End PBXFileSystemSynchronizedRootGroup section */

/* Begin PBXFrameworksBuildPhase section */
		18772EC92CA679060048D6AC /* Frameworks */ = {
			isa = PBXFrameworksBuildPhase;
			buildActionMask = 2147483647;
			files = (
				18772F062CA68ED00048D6AC /* FirebaseAuth in Frameworks */,
				18772F082CA68ED00048D6AC /* FirebaseFirestore in Frameworks */,
			);
			runOnlyForDeploymentPostprocessing = 0;
		};
		18772ED92CA679080048D6AC /* Frameworks */ = {
			isa = PBXFrameworksBuildPhase;
			buildActionMask = 2147483647;
			files = (
			);
			runOnlyForDeploymentPostprocessing = 0;
		};
		18772EE32CA679080048D6AC /* Frameworks */ = {
			isa = PBXFrameworksBuildPhase;
			buildActionMask = 2147483647;
			files = (
			);
			runOnlyForDeploymentPostprocessing = 0;
		};
/* End PBXFrameworksBuildPhase section */

/* Begin PBXGroup section */
		18772EC32CA679060048D6AC = {
			isa = PBXGroup;
			children = (
				18772ECE2CA679060048D6AC /* CodeGenerationApp */,
				18772EDF2CA679080048D6AC /* CodeGenerationAppTests */,
				18772EE92CA679080048D6AC /* CodeGenerationAppUITests */,
				18772ECD2CA679060048D6AC /* Products */,
			);
			sourceTree = "<group>";
		};
		18772ECD2CA679060048D6AC /* Products */ = {
			isa = PBXGroup;
			children = (
				18772ECC2CA679060048D6AC /* CodeGenerationApp.app */,
				18772EDC2CA679080048D6AC /* CodeGenerationAppTests.xctest */,
				18772EE62CA679080048D6AC /* CodeGenerationAppUITests.xctest */,
			);
			name = Products;
			sourceTree = "<group>";
		};
/* End PBXGroup section */

/* Begin PBXNativeTarget section */
		18772ECB2CA679060048D6AC /* CodeGenerationApp */ = {
			isa = PBXNativeTarget;
			buildConfigurationList = 18772EF02CA679080048D6AC /* Build configuration list for PBXNativeTarget "CodeGenerationApp" */;
			buildPhases = (
				18772EC82CA679060048D6AC /* Sources */,
				18772EC92CA679060048D6AC /* Frameworks */,
				18772ECA2CA679060048D6AC /* Resources */,
			);
			buildRules = (
			);
			dependencies = (
			);
			fileSystemSynchronizedGroups = (
				18772ECE2CA679060048D6AC /* CodeGenerationApp */,
			);
			name = CodeGenerationApp;
			packageProductDependencies = (
				18772F052CA68ED00048D6AC /* FirebaseAuth */,
				18772F072CA68ED00048D6AC /* FirebaseFirestore */,
			);
			productName = CodeGenerationApp;
			productReference = 18772ECC2CA679060048D6AC /* CodeGenerationApp.app */;
			productType = "com.apple.product-type.application";
		};
		18772EDB2CA679080048D6AC /* CodeGenerationAppTests */ = {
			isa = PBXNativeTarget;
			buildConfigurationList = 18772EF32CA679080048D6AC /* Build configuration list for PBXNativeTarget "CodeGenerationAppTests" */;
			buildPhases = (
				18772ED82CA679080048D6AC /* Sources */,
				18772ED92CA679080048D6AC /* Frameworks */,
				18772EDA2CA679080048D6AC /* Resources */,
			);
			buildRules = (
			);
			dependencies = (
				18772EDE2CA679080048D6AC /* PBXTargetDependency */,
			);
			fileSystemSynchronizedGroups = (
				18772EDF2CA679080048D6AC /* CodeGenerationAppTests */,
			);
			name = CodeGenerationAppTests;
			packageProductDependencies = (
			);
			productName = CodeGenerationAppTests;
			productReference = 18772EDC2CA679080048D6AC /* CodeGenerationAppTests.xctest */;
			productType = "com.apple.product-type.bundle.unit-test";
		};
		18772EE52CA679080048D6AC /* CodeGenerationAppUITests */ = {
			isa = PBXNativeTarget;
			buildConfigurationList = 18772EF62CA679080048D6AC /* Build configuration list for PBXNativeTarget "CodeGenerationAppUITests" */;
			buildPhases = (
				18772EE22CA679080048D6AC /* Sources */,
				18772EE32CA679080048D6AC /* Frameworks */,
				18772EE42CA679080048D6AC /* Resources */,
			);
			buildRules = (
			);
			dependencies = (
				18772EE82CA679080048D6AC /* PBXTargetDependency */,
			);
			fileSystemSynchronizedGroups = (
				18772EE92CA679080048D6AC /* CodeGenerationAppUITests */,
			);
			name = CodeGenerationAppUITests;
			packageProductDependencies = (
			);
			productName = CodeGenerationAppUITests;
			productReference = 18772EE62CA679080048D6AC /* CodeGenerationAppUITests.xctest */;
			productType = "com.apple.product-type.bundle.ui-testing";
		};
/* End PBXNativeTarget section */

/* Begin PBXProject section */
		18772EC42CA679060048D6AC /* Project object */ = {
			isa = PBXProject;
			attributes = {
				BuildIndependentTargetsInParallel = 1;
				LastSwiftUpdateCheck = 1600;
				LastUpgradeCheck = 1600;
				TargetAttributes = {
					18772ECB2CA679060048D6AC = {
						CreatedOnToolsVersion = 16.0;
					};
					18772EDB2CA679080048D6AC = {
						CreatedOnToolsVersion = 16.0;
						TestTargetID = 18772ECB2CA679060048D6AC;
					};
					18772EE52CA679080048D6AC = {
						CreatedOnToolsVersion = 16.0;
						TestTargetID = 18772ECB2CA679060048D6AC;
					};
				};
			};
			buildConfigurationList = 18772EC72CA679060048D6AC /* Build configuration list for PBXProject "CodeGenerationApp" */;
			developmentRegion = en;
			hasScannedForEncodings = 0;
			knownRegions = (
				en,
				Base,
			);
			mainGroup = 18772EC32CA679060048D6AC;
			minimizedProjectReferenceProxies = 1;
			packageReferences = (
				18772F042CA687050048D6AC /* XCRemoteSwiftPackageReference "firebase-ios-sdk" */,
			);
			preferredProjectObjectVersion = 77;
			productRefGroup = 18772ECD2CA679060048D6AC /* Products */;
			projectDirPath = "";
			projectRoot = "";
			targets = (
				18772ECB2CA679060048D6AC /* CodeGenerationApp */,
				18772EDB2CA679080048D6AC /* CodeGenerationAppTests */,
				18772EE52CA679080048D6AC /* CodeGenerationAppUITests */,
			);
		};
/* End PBXProject section */

/* Begin PBXResourcesBuildPhase section */
		18772ECA2CA679060048D6AC /* Resources */ = {
			isa = PBXResourcesBuildPhase;
			buildActionMask = 2147483647;
			files = (
			);
			runOnlyForDeploymentPostprocessing = 0;
		};
		18772EDA2CA679080048D6AC /* Resources */ = {
			isa = PBXResourcesBuildPhase;
			buildActionMask = 2147483647;
			files = (
			);
			runOnlyForDeploymentPostprocessing = 0;
		};
		18772EE42CA679080048D6AC /* Resources */ = {
			isa = PBXResourcesBuildPhase;
			buildActionMask = 2147483647;
			files = (
			);
			runOnlyForDeploymentPostprocessing = 0;
		};
/* End PBXResourcesBuildPhase section */

/* Begin PBXSourcesBuildPhase section */
		18772EC82CA679060048D6AC /* Sources */ = {
			isa = PBXSourcesBuildPhase;
			buildActionMask = 2147483647;
			files = (
			);
			runOnlyForDeploymentPostprocessing = 0;
		};
		18772ED82CA679080048D6AC /* Sources */ = {
			isa = PBXSourcesBuildPhase;
			buildActionMask = 2147483647;
			files = (
			);
			runOnlyForDeploymentPostprocessing = 0;
		};
		18772EE22CA679080048D6AC /* Sources */ = {
			isa = PBXSourcesBuildPhase;
			buildActionMask = 2147483647;
			files = (
			);
			runOnlyForDeploymentPostprocessing = 0;
		};
/* End PBXSourcesBuildPhase section */

/* Begin PBXTargetDependency section */
		18772EDE2CA679080048D6AC /* PBXTargetDependency */ = {
			isa = PBXTargetDependency;
			target = 18772ECB2CA679060048D6AC /* CodeGenerationApp */;
			targetProxy = 18772EDD2CA679080048D6AC /* PBXContainerItemProxy */;
		};
		18772EE82CA679080048D6AC /* PBXTargetDependency */ = {
			isa = PBXTargetDependency;
			target = 18772ECB2CA679060048D6AC /* CodeGenerationApp */;
			targetProxy = 18772EE72CA679080048D6AC /* PBXContainerItemProxy */;
		};
/* End PBXTargetDependency section */

/* Begin XCBuildConfiguration section */
		18772EEE2CA679080048D6AC /* Debug */ = {
			isa = XCBuildConfiguration;
			buildSettings = {
				ALWAYS_SEARCH_USER_PATHS = NO;
				ASSETCATALOG_COMPILER_GENERATE_SWIFT_ASSET_SYMBOL_EXTENSIONS = YES;
				CLANG_ANALYZER_NONNULL = YES;
				CLANG_ANALYZER_NUMBER_OBJECT_CONVERSION = YES_AGGRESSIVE;
				CLANG_CXX_LANGUAGE_STANDARD = "gnu++20";
				CLANG_ENABLE_MODULES = YES;
				CLANG_ENABLE_OBJC_ARC = YES;
				CLANG_ENABLE_OBJC_WEAK = YES;
				CLANG_WARN_BLOCK_CAPTURE_AUTORELEASING = YES;
				CLANG_WARN_BOOL_CONVERSION = YES;
				CLANG_WARN_COMMA = YES;
				CLANG_WARN_CONSTANT_CONVERSION = YES;
				CLANG_WARN_DEPRECATED_OBJC_IMPLEMENTATIONS = YES;
				CLANG_WARN_DIRECT_OBJC_ISA_USAGE = YES_ERROR;
				CLANG_WARN_DOCUMENTATION_COMMENTS = YES;
				CLANG_WARN_EMPTY_BODY = YES;
				CLANG_WARN_ENUM_CONVERSION = YES;
				CLANG_WARN_INFINITE_RECURSION = YES;
				CLANG_WARN_INT_CONVERSION = YES;
				CLANG_WARN_NON_LITERAL_NULL_CONVERSION = YES;
				CLANG_WARN_OBJC_IMPLICIT_RETAIN_SELF = YES;
				CLANG_WARN_OBJC_LITERAL_CONVERSION = YES;
				CLANG_WARN_OBJC_ROOT_CLASS = YES_ERROR;
				CLANG_WARN_QUOTED_INCLUDE_IN_FRAMEWORK_HEADER = YES;
				CLANG_WARN_RANGE_LOOP_ANALYSIS = YES;
				CLANG_WARN_STRICT_PROTOTYPES = YES;
				CLANG_WARN_SUSPICIOUS_MOVE = YES;
				CLANG_WARN_UNGUARDED_AVAILABILITY = YES_AGGRESSIVE;
				CLANG_WARN_UNREACHABLE_CODE = YES;
				CLANG_WARN__DUPLICATE_METHOD_MATCH = YES;
				COPY_PHASE_STRIP = NO;
				DEBUG_INFORMATION_FORMAT = dwarf;
				ENABLE_STRICT_OBJC_MSGSEND = YES;
				ENABLE_TESTABILITY = YES;
				ENABLE_USER_SCRIPT_SANDBOXING = YES;
				GCC_C_LANGUAGE_STANDARD = gnu17;
				GCC_DYNAMIC_NO_PIC = NO;
				GCC_NO_COMMON_BLOCKS = YES;
				GCC_OPTIMIZATION_LEVEL = 0;
				GCC_PREPROCESSOR_DEFINITIONS = (
					"DEBUG=1",
					"$(inherited)",
				);
				GCC_WARN_64_TO_32_BIT_CONVERSION = YES;
				GCC_WARN_ABOUT_RETURN_TYPE = YES_ERROR;
				GCC_WARN_UNDECLARED_SELECTOR = YES;
				GCC_WARN_UNINITIALIZED_AUTOS = YES_AGGRESSIVE;
				GCC_WARN_UNUSED_FUNCTION = YES;
				GCC_WARN_UNUSED_VARIABLE = YES;
				IPHONEOS_DEPLOYMENT_TARGET = 18.0;
				LOCALIZATION_PREFERS_STRING_CATALOGS = YES;
				MTL_ENABLE_DEBUG_INFO = INCLUDE_SOURCE;
				MTL_FAST_MATH = YES;
				ONLY_ACTIVE_ARCH = YES;
				SDKROOT = iphoneos;
				SWIFT_ACTIVE_COMPILATION_CONDITIONS = "DEBUG $(inherited)";
				SWIFT_OPTIMIZATION_LEVEL = "-Onone";
			};
			name = Debug;
		};
		18772EEF2CA679080048D6AC /* Release */ = {
			isa = XCBuildConfiguration;
			buildSettings = {
				ALWAYS_SEARCH_USER_PATHS = NO;
				ASSETCATALOG_COMPILER_GENERATE_SWIFT_ASSET_SYMBOL_EXTENSIONS = YES;
				CLANG_ANALYZER_NONNULL = YES;
				CLANG_ANALYZER_NUMBER_OBJECT_CONVERSION = YES_AGGRESSIVE;
				CLANG_CXX_LANGUAGE_STANDARD = "gnu++20";
				CLANG_ENABLE_MODULES = YES;
				CLANG_ENABLE_OBJC_ARC = YES;
				CLANG_ENABLE_OBJC_WEAK = YES;
				CLANG_WARN_BLOCK_CAPTURE_AUTORELEASING = YES;
				CLANG_WARN_BOOL_CONVERSION = YES;
				CLANG_WARN_COMMA = YES;
				CLANG_WARN_CONSTANT_CONVERSION = YES;
				CLANG_WARN_DEPRECATED_OBJC_IMPLEMENTATIONS = YES;
				CLANG_WARN_DIRECT_OBJC_ISA_USAGE = YES_ERROR;
				CLANG_WARN_DOCUMENTATION_COMMENTS = YES;
				CLANG_WARN_EMPTY_BODY = YES;
				CLANG_WARN_ENUM_CONVERSION = YES;
				CLANG_WARN_INFINITE_RECURSION = YES;
				CLANG_WARN_INT_CONVERSION = YES;
				CLANG_WARN_NON_LITERAL_NULL_CONVERSION = YES;
				CLANG_WARN_OBJC_IMPLICIT_RETAIN_SELF = YES;
				CLANG_WARN_OBJC_LITERAL_CONVERSION = YES;
				CLANG_WARN_OBJC_ROOT_CLASS = YES_ERROR;
				CLANG_WARN_QUOTED_INCLUDE_IN_FRAMEWORK_HEADER = YES;
				CLANG_WARN_RANGE_LOOP_ANALYSIS = YES;
				CLANG_WARN_STRICT_PROTOTYPES = YES;
				CLANG_WARN_SUSPICIOUS_MOVE = YES;
				CLANG_WARN_UNGUARDED_AVAILABILITY = YES_AGGRESSIVE;
				CLANG_WARN_UNREACHABLE_CODE = YES;
				CLANG_WARN__DUPLICATE_METHOD_MATCH = YES;
				COPY_PHASE_STRIP = NO;
				DEBUG_INFORMATION_FORMAT = "dwarf-with-dsym";
				ENABLE_NS_ASSERTIONS = NO;
				ENABLE_STRICT_OBJC_MSGSEND = YES;
				ENABLE_USER_SCRIPT_SANDBOXING = YES;
				GCC_C_LANGUAGE_STANDARD = gnu17;
				GCC_NO_COMMON_BLOCKS = YES;
				GCC_WARN_64_TO_32_BIT_CONVERSION = YES;
				GCC_WARN_ABOUT_RETURN_TYPE = YES_ERROR;
				GCC_WARN_UNDECLARED_SELECTOR = YES;
				GCC_WARN_UNINITIALIZED_AUTOS = YES_AGGRESSIVE;
				GCC_WARN_UNUSED_FUNCTION = YES;
				GCC_WARN_UNUSED_VARIABLE = YES;
				IPHONEOS_DEPLOYMENT_TARGET = 18.0;
				LOCALIZATION_PREFERS_STRING_CATALOGS = YES;
				MTL_ENABLE_DEBUG_INFO = NO;
				MTL_FAST_MATH = YES;
				SDKROOT = iphoneos;
				SWIFT_COMPILATION_MODE = wholemodule;
				VALIDATE_PRODUCT = YES;
			};
			name = Release;
		};
		18772EF12CA679080048D6AC /* Debug */ = {
			isa = XCBuildConfiguration;
			buildSettings = {
				ASSETCATALOG_COMPILER_APPICON_NAME = AppIcon;
				ASSETCATALOG_COMPILER_GLOBAL_ACCENT_COLOR_NAME = AccentColor;
				CODE_SIGN_STYLE = Automatic;
				CURRENT_PROJECT_VERSION = 1;
				DEVELOPMENT_ASSET_PATHS = "\"CodeGenerationApp/Preview Content\"";
				ENABLE_PREVIEWS = YES;
				GENERATE_INFOPLIST_FILE = YES;
				INFOPLIST_KEY_UIApplicationSceneManifest_Generation = YES;
				INFOPLIST_KEY_UIApplicationSupportsIndirectInputEvents = YES;
				INFOPLIST_KEY_UILaunchScreen_Generation = YES;
				INFOPLIST_KEY_UISupportedInterfaceOrientations_iPad = "UIInterfaceOrientationPortrait UIInterfaceOrientationPortraitUpsideDown UIInterfaceOrientationLandscapeLeft UIInterfaceOrientationLandscapeRight";
				INFOPLIST_KEY_UISupportedInterfaceOrientations_iPhone = "UIInterfaceOrientationPortrait UIInterfaceOrientationLandscapeLeft UIInterfaceOrientationLandscapeRight";
				LD_RUNPATH_SEARCH_PATHS = (
					"$(inherited)",
					"@executable_path/Frameworks",
				);
				MARKETING_VERSION = 1.0;
				PRODUCT_BUNDLE_IDENTIFIER = com.jsr.omveer.janitri.CodeGenerationApp;
				PRODUCT_NAME = "$(TARGET_NAME)";
				SWIFT_EMIT_LOC_STRINGS = YES;
				SWIFT_VERSION = 5.0;
				TARGETED_DEVICE_FAMILY = "1,2";
			};
			name = Debug;
		};
		18772EF22CA679080048D6AC /* Release */ = {
			isa = XCBuildConfiguration;
			buildSettings = {
				ASSETCATALOG_COMPILER_APPICON_NAME = AppIcon;
				ASSETCATALOG_COMPILER_GLOBAL_ACCENT_COLOR_NAME = AccentColor;
				CODE_SIGN_STYLE = Automatic;
				CURRENT_PROJECT_VERSION = 1;
				DEVELOPMENT_ASSET_PATHS = "\"CodeGenerationApp/Preview Content\"";
				ENABLE_PREVIEWS = YES;
				GENERATE_INFOPLIST_FILE = YES;
				INFOPLIST_KEY_UIApplicationSceneManifest_Generation = YES;
				INFOPLIST_KEY_UIApplicationSupportsIndirectInputEvents = YES;
				INFOPLIST_KEY_UILaunchScreen_Generation = YES;
				INFOPLIST_KEY_UISupportedInterfaceOrientations_iPad = "UIInterfaceOrientationPortrait UIInterfaceOrientationPortraitUpsideDown UIInterfaceOrientationLandscapeLeft UIInterfaceOrientationLandscapeRight";
				INFOPLIST_KEY_UISupportedInterfaceOrientations_iPhone = "UIInterfaceOrientationPortrait UIInterfaceOrientationLandscapeLeft UIInterfaceOrientationLandscapeRight";
				LD_RUNPATH_SEARCH_PATHS = (
					"$(inherited)",
					"@executable_path/Frameworks",
				);
				MARKETING_VERSION = 1.0;
				PRODUCT_BUNDLE_IDENTIFIER = com.jsr.omveer.janitri.CodeGenerationApp;
				PRODUCT_NAME = "$(TARGET_NAME)";
				SWIFT_EMIT_LOC_STRINGS = YES;
				SWIFT_VERSION = 5.0;
				TARGETED_DEVICE_FAMILY = "1,2";
			};
			name = Release;
		};
		18772EF42CA679080048D6AC /* Debug */ = {
			isa = XCBuildConfiguration;
			buildSettings = {
				BUNDLE_LOADER = "$(TEST_HOST)";
				CODE_SIGN_STYLE = Automatic;
				CURRENT_PROJECT_VERSION = 1;
				GENERATE_INFOPLIST_FILE = YES;
				IPHONEOS_DEPLOYMENT_TARGET = 18.0;
				MARKETING_VERSION = 1.0;
				PRODUCT_BUNDLE_IDENTIFIER = com.jsr.omveer.janitri.CodeGenerationAppTests;
				PRODUCT_NAME = "$(TARGET_NAME)";
				SWIFT_EMIT_LOC_STRINGS = NO;
				SWIFT_VERSION = 5.0;
				TARGETED_DEVICE_FAMILY = "1,2";
				TEST_HOST = "$(BUILT_PRODUCTS_DIR)/CodeGenerationApp.app/$(BUNDLE_EXECUTABLE_FOLDER_PATH)/CodeGenerationApp";
			};
			name = Debug;
		};
		18772EF52CA679080048D6AC /* Release */ = {
			isa = XCBuildConfiguration;
			buildSettings = {
				BUNDLE_LOADER = "$(TEST_HOST)";
				CODE_SIGN_STYLE = Automatic;
				CURRENT_PROJECT_VERSION = 1;
				GENERATE_INFOPLIST_FILE = YES;
				IPHONEOS_DEPLOYMENT_TARGET = 18.0;
				MARKETING_VERSION = 1.0;
				PRODUCT_BUNDLE_IDENTIFIER = com.jsr.omveer.janitri.CodeGenerationAppTests;
				PRODUCT_NAME = "$(TARGET_NAME)";
				SWIFT_EMIT_LOC_STRINGS = NO;
				SWIFT_VERSION = 5.0;
				TARGETED_DEVICE_FAMILY = "1,2";
				TEST_HOST = "$(BUILT_PRODUCTS_DIR)/CodeGenerationApp.app/$(BUNDLE_EXECUTABLE_FOLDER_PATH)/CodeGenerationApp";
			};
			name = Release;
		};
		18772EF72CA679080048D6AC /* Debug */ = {
			isa = XCBuildConfiguration;
			buildSettings = {
				CODE_SIGN_STYLE = Automatic;
				CURRENT_PROJECT_VERSION = 1;
				GENERATE_INFOPLIST_FILE = YES;
				MARKETING_VERSION = 1.0;
				PRODUCT_BUNDLE_IDENTIFIER = com.jsr.omveer.janitri.CodeGenerationAppUITests;
				PRODUCT_NAME = "$(TARGET_NAME)";
				SWIFT_EMIT_LOC_STRINGS = NO;
				SWIFT_VERSION = 5.0;
				TARGETED_DEVICE_FAMILY = "1,2";
				TEST_TARGET_NAME = CodeGenerationApp;
			};
			name = Debug;
		};
		18772EF82CA679080048D6AC /* Release */ = {
			isa = XCBuildConfiguration;
			buildSettings = {
				CODE_SIGN_STYLE = Automatic;
				CURRENT_PROJECT_VERSION = 1;
				GENERATE_INFOPLIST_FILE = YES;
				MARKETING_VERSION = 1.0;
				PRODUCT_BUNDLE_IDENTIFIER = com.jsr.omveer.janitri.CodeGenerationAppUITests;
				PRODUCT_NAME = "$(TARGET_NAME)";
				SWIFT_EMIT_LOC_STRINGS = NO;
				SWIFT_VERSION = 5.0;
				TARGETED_DEVICE_FAMILY = "1,2";
				TEST_TARGET_NAME = CodeGenerationApp;
			};
			name = Release;
		};
/* End XCBuildConfiguration section */

/* Begin XCConfigurationList section */
		18772EC72CA679060048D6AC /* Build configuration list for PBXProject "CodeGenerationApp" */ = {
			isa = XCConfigurationList;
			buildConfigurations = (
				18772EEE2CA679080048D6AC /* Debug */,
				18772EEF2CA679080048D6AC /* Release */,
			);
			defaultConfigurationIsVisible = 0;
			defaultConfigurationName = Release;
		};
		18772EF02CA679080048D6AC /* Build configuration list for PBXNativeTarget "CodeGenerationApp" */ = {
			isa = XCConfigurationList;
			buildConfigurations = (
				18772EF12CA679080048D6AC /* Debug */,
				18772EF22CA679080048D6AC /* Release */,
			);
			defaultConfigurationIsVisible = 0;
			defaultConfigurationName = Release;
		};
		18772EF32CA679080048D6AC /* Build configuration list for PBXNativeTarget "CodeGenerationAppTests" */ = {
			isa = XCConfigurationList;
			buildConfigurations = (
				18772EF42CA679080048D6AC /* Debug */,
				18772EF52CA679080048D6AC /* Release */,
			);
			defaultConfigurationIsVisible = 0;
			defaultConfigurationName = Release;
		};
		18772EF62CA679080048D6AC /* Build configuration list for PBXNativeTarget "CodeGenerationAppUITests" */ = {
			isa = XCConfigurationList;
			buildConfigurations = (
				18772EF72CA679080048D6AC /* Debug */,
				18772EF82CA679080048D6AC /* Release */,
			);
			defaultConfigurationIsVisible = 0;
			defaultConfigurationName = Release;
		};
/* End XCConfigurationList section */

/* Begin XCRemoteSwiftPackageReference section */
		18772F042CA687050048D6AC /* XCRemoteSwiftPackageReference "firebase-ios-sdk" */ = {
			isa = XCRemoteSwiftPackageReference;
			repositoryURL = "https://github.com/firebase/firebase-ios-sdk";
			requirement = {
				kind = upToNextMajorVersion;
				minimumVersion = 11.2.0;
			};
		};
/* End XCRemoteSwiftPackageReference section */

/* Begin XCSwiftPackageProductDependency section */
		18772F052CA68ED00048D6AC /* FirebaseAuth */ = {
			isa = XCSwiftPackageProductDependency;
			package = 18772F042CA687050048D6AC /* XCRemoteSwiftPackageReference "firebase-ios-sdk" */;
			productName = FirebaseAuth;
		};
		18772F072CA68ED00048D6AC /* FirebaseFirestore */ = {
			isa = XCSwiftPackageProductDependency;
			package = 18772F042CA687050048D6AC /* XCRemoteSwiftPackageReference "firebase-ios-sdk" */;
			productName = FirebaseFirestore;
		};
/* End XCSwiftPackageProductDependency section */
	};
	rootObject = 18772EC42CA679060048D6AC /* Project object */;
}
